
Microsoft Visual Studio Solution File, Format Version 12.00
# Visual Studio Version 17
VisualStudioVersion = 17.8.34330.188
MinimumVisualStudioVersion = 10.0.40219.1
Project("{888888A0-9F3D-457C-B088-3A5042F75D52}") = "PythonApplication4", "PythonApplication4\PythonApplication4.pyproj", "{C9C1C60E-2441-4AC7-BC49-DED1AFB006DB}"
EndProject
Global
	GlobalSection(SolutionConfigurationPlatforms) = preSolution
		Debug|Any CPU = Debug|Any CPU
		Release|Any CPU = Release|Any CPU
	EndGlobalSection
	GlobalSection(ProjectConfigurationPlatforms) = postSolution
		{C9C1C60E-2441-4AC7-BC49-DED1AFB006DB}.Debug|Any CPU.ActiveCfg = Debug|Any CPU
		{C9C1C60E-2441-4AC7-BC49-DED1AFB006DB}.Release|Any CPU.ActiveCfg = Release|Any CPU
	EndGlobalSection
	GlobalSection(SolutionProperties) = preSolution
		HideSolutionNode = FALSE
	EndGlobalSection
	GlobalSection(ExtensibilityGlobals) = postSolution
		SolutionGuid = {BA4E5400-4353-4B98-A64B-A8700AA15F91}
	EndGlobalSection
EndGlobal
